
Microsoft Visual Studio Solution File, Format Version 12.00
# Visual Studio Version 17
VisualStudioVersion = 17.14.36203.30 d17.14
MinimumVisualStudioVersion = 10.0.40219.1
Project("{FAE04EC0-301F-11D3-BF4B-00C04F79EFBC}") = "TodoList", "TodoList\TodoList.csproj", "{4836B4D6-CA2E-4AEA-A10C-805599AEA204}"
EndProject
Global
	GlobalSection(SolutionConfigurationPlatforms) = preSolution
		Debug|Any CPU = Debug|Any CPU
		Release|Any CPU = Release|Any CPU
	EndGlobalSection
	GlobalSection(ProjectConfigurationPlatforms) = postSolution
		{4836B4D6-CA2E-4AEA-A10C-805599AEA204}.Debug|Any CPU.ActiveCfg = Debug|Any CPU
		{4836B4D6-CA2E-4AEA-A10C-805599AEA204}.Debug|Any CPU.Build.0 = Debug|Any CPU
		{4836B4D6-CA2E-4AEA-A10C-805599AEA204}.Release|Any CPU.ActiveCfg = Release|Any CPU
		{4836B4D6-CA2E-4AEA-A10C-805599AEA204}.Release|Any CPU.Build.0 = Release|Any CPU
	EndGlobalSection
	GlobalSection(SolutionProperties) = preSolution
		HideSolutionNode = FALSE
	EndGlobalSection
	GlobalSection(ExtensibilityGlobals) = postSolution
		SolutionGuid = {91BB76AB-DE31-4878-BFA6-95C8BB27D0EC}
	EndGlobalSection
EndGlobal
